
Microsoft Visual Studio Solution File, Format Version 12.00
# Visual Studio Version 16
VisualStudioVersion = 16.0.31424.327
MinimumVisualStudioVersion = 10.0.40219.1
Project("{8BC9CEB8-8B4A-11D0-8D11-00A0C91BC942}") = "_Test", "_Test\_Test.vcxproj", "{B8EE1F84-F7D5-4039-8F28-F20A9A5E0AB3}"
EndProject
Project("{8BC9CEB8-8B4A-11D0-8D11-00A0C91BC942}") = "Server", "Server\Server.vcxproj", "{8F361AA5-D9F9-4376-A334-3ED86410E2EF}"
EndProject
Project("{8BC9CEB8-8B4A-11D0-8D11-00A0C91BC942}") = "Client", "Client\Client.vcxproj", "{8C56E2AD-15BA-4869-96F2-55DF9185F1C5}"
EndProject
Global
	GlobalSection(SolutionConfigurationPlatforms) = preSolution
		Debug|x64 = Debug|x64
		Debug|x86 = Debug|x86
		Release|x64 = Release|x64
		Release|x86 = Release|x86
	EndGlobalSection
	GlobalSection(ProjectConfigurationPlatforms) = postSolution
		{B8EE1F84-F7D5-4039-8F28-F20A9A5E0AB3}.Debug|x64.ActiveCfg = Debug|x64
		{B8EE1F84-F7D5-4039-8F28-F20A9A5E0AB3}.Debug|x64.Build.0 = Debug|x64
		{B8EE1F84-F7D5-4039-8F28-F20A9A5E0AB3}.Debug|x86.ActiveCfg = Debug|Win32
		{B8EE1F84-F7D5-4039-8F28-F20A9A5E0AB3}.Debug|x86.Build.0 = Debug|Win32
		{B8EE1F84-F7D5-4039-8F28-F20A9A5E0AB3}.Release|x64.ActiveCfg = Release|x64
		{B8EE1F84-F7D5-4039-8F28-F20A9A5E0AB3}.Release|x64.Build.0 = Release|x64
		{B8EE1F84-F7D5-4039-8F28-F20A9A5E0AB3}.Release|x86.ActiveCfg = Release|Win32
		{B8EE1F84-F7D5-4039-8F28-F20A9A5E0AB3}.Release|x86.Build.0 = Release|Win32
		{8F361AA5-D9F9-4376-A334-3ED86410E2EF}.Debug|x64.ActiveCfg = Debug|x64
		{8F361AA5-D9F9-4376-A334-3ED86410E2EF}.Debug|x64.Build.0 = Debug|x64
		{8F361AA5-D9F9-4376-A334-3ED86410E2EF}.Debug|x86.ActiveCfg = Debug|Win32
		{8F361AA5-D9F9-4376-A334-3ED86410E2EF}.Debug|x86.Build.0 = Debug|Win32
		{8F361AA5-D9F9-4376-A334-3ED86410E2EF}.Release|x64.ActiveCfg = Release|x64
		{8F361AA5-D9F9-4376-A334-3ED86410E2EF}.Release|x64.Build.0 = Release|x64
		{8F361AA5-D9F9-4376-A334-3ED86410E2EF}.Release|x86.ActiveCfg = Release|Win32
		{8F361AA5-D9F9-4376-A334-3ED86410E2EF}.Release|x86.Build.0 = Release|Win32
		{8C56E2AD-15BA-4869-96F2-55DF9185F1C5}.Debug|x64.ActiveCfg = Debug|x64
		{8C56E2AD-15BA-4869-96F2-55DF9185F1C5}.Debug|x64.Build.0 = Debug|x64
		{8C56E2AD-15BA-4869-96F2-55DF9185F1C5}.Debug|x86.ActiveCfg = Debug|Win32
		{8C56E2AD-15BA-4869-96F2-55DF9185F1C5}.Debug|x86.Build.0 = Debug|Win32
		{8C56E2AD-15BA-4869-96F2-55DF9185F1C5}.Release|x64.ActiveCfg = Release|x64
		{8C56E2AD-15BA-4869-96F2-55DF9185F1C5}.Release|x64.Build.0 = Release|x64
		{8C56E2AD-15BA-4869-96F2-55DF9185F1C5}.Release|x86.ActiveCfg = Release|Win32
		{8C56E2AD-15BA-4869-96F2-55DF9185F1C5}.Release|x86.Build.0 = Release|Win32
	EndGlobalSection
	GlobalSection(SolutionProperties) = preSolution
		HideSolutionNode = FALSE
	EndGlobalSection
	GlobalSection(ExtensibilityGlobals) = postSolution
		SolutionGuid = {50B9EF18-93FA-47FD-B027-09CC3849488E}
	EndGlobalSection
EndGlobal
